// !$*UTF8*$!
{
	archiveVersion = 1;
	classes = {
	};
	objectVersion = 50;
	objects = {

/* Begin PBXBuildFile section */
		030B44382311DFDC000F06DE /* AppDelegate.swift in Sources */ = {isa = PBXBuildFile; fileRef = 030B44372311DFDC000F06DE /* AppDelegate.swift */; };
		030B443A2311DFDC000F06DE /* SceneDelegate.swift in Sources */ = {isa = PBXBuildFile; fileRef = 030B44392311DFDC000F06DE /* SceneDelegate.swift */; };
		030B443C2311DFDC000F06DE /* ContentView.swift in Sources */ = {isa = PBXBuildFile; fileRef = 030B443B2311DFDC000F06DE /* ContentView.swift */; };
		030B443E2311DFE0000F06DE /* Assets.xcassets in Resources */ = {isa = PBXBuildFile; fileRef = 030B443D2311DFE0000F06DE /* Assets.xcassets */; };
		030B44412311DFE0000F06DE /* Preview Assets.xcassets in Resources */ = {isa = PBXBuildFile; fileRef = 030B44402311DFE0000F06DE /* Preview Assets.xcassets */; };
		030B44442311DFE0000F06DE /* LaunchScreen.storyboard in Resources */ = {isa = PBXBuildFile; fileRef = 030B44422311DFE0000F06DE /* LaunchScreen.storyboard */; };
		0325209323218EA800DB7903 /* Grade.swift in Sources */ = {isa = PBXBuildFile; fileRef = 0325209223218EA800DB7903 /* Grade.swift */; };
		03E3CEC4233CE0DC00A128E3 /* Campus.swift in Sources */ = {isa = PBXBuildFile; fileRef = 03E3CEC3233CE0DC00A128E3 /* Campus.swift */; };
		03EBA6F0233C87E3002574D7 /* Aggregate.swift in Sources */ = {isa = PBXBuildFile; fileRef = 03EBA6EF233C87E3002574D7 /* Aggregate.swift */; };
/* End PBXBuildFile section */

/* Begin PBXFileReference section */
		030B44342311DFDC000F06DE /* Comsats GPA.app */ = {isa = PBXFileReference; explicitFileType = wrapper.application; includeInIndex = 0; path = "Comsats GPA.app"; sourceTree = BUILT_PRODUCTS_DIR; };
		030B44372311DFDC000F06DE /* AppDelegate.swift */ = {isa = PBXFileReference; lastKnownFileType = sourcecode.swift; path = AppDelegate.swift; sourceTree = "<group>"; };
		030B44392311DFDC000F06DE /* SceneDelegate.swift */ = {isa = PBXFileReference; lastKnownFileType = sourcecode.swift; path = SceneDelegate.swift; sourceTree = "<group>"; };
		030B443B2311DFDC000F06DE /* ContentView.swift */ = {isa = PBXFileReference; lastKnownFileType = sourcecode.swift; path = ContentView.swift; sourceTree = "<group>"; };
		030B443D2311DFE0000F06DE /* Assets.xcassets */ = {isa = PBXFileReference; lastKnownFileType = folder.assetcatalog; path = Assets.xcassets; sourceTree = "<group>"; };
		030B44402311DFE0000F06DE /* Preview Assets.xcassets */ = {isa = PBXFileReference; lastKnownFileType = folder.assetcatalog; path = "Preview Assets.xcassets"; sourceTree = "<group>"; };
		030B44432311DFE0000F06DE /* Base */ = {isa = PBXFileReference; lastKnownFileType = file.storyboard; name = Base; path = Base.lproj/LaunchScreen.storyboard; sourceTree = "<group>"; };
		030B44452311DFE0000F06DE /* Info.plist */ = {isa = PBXFileReference; lastKnownFileType = text.plist.xml; path = Info.plist; sourceTree = "<group>"; };
		0325209223218EA800DB7903 /* Grade.swift */ = {isa = PBXFileReference; lastKnownFileType = sourcecode.swift; path = Grade.swift; sourceTree = "<group>"; };
		03E3CEC3233CE0DC00A128E3 /* Campus.swift */ = {isa = PBXFileReference; lastKnownFileType = sourcecode.swift; path = Campus.swift; sourceTree = "<group>"; };
		03EBA6EF233C87E3002574D7 /* Aggregate.swift */ = {isa = PBXFileReference; lastKnownFileType = sourcecode.swift; path = Aggregate.swift; sourceTree = "<group>"; };
/* End PBXFileReference section */

/* Begin PBXFrameworksBuildPhase section */
		030B44312311DFDC000F06DE /* Frameworks */ = {
			isa = PBXFrameworksBuildPhase;
			buildActionMask = 2147483647;
			files = (
			);
			runOnlyForDeploymentPostprocessing = 0;
		};
/* End PBXFrameworksBuildPhase section */

/* Begin PBXGroup section */
		030B442B2311DFDC000F06DE = {
			isa = PBXGroup;
			children = (
				030B44362311DFDC000F06DE /* Comsats GPA */,
				030B44352311DFDC000F06DE /* Products */,
			);
			sourceTree = "<group>";
		};
		030B44352311DFDC000F06DE /* Products */ = {
			isa = PBXGroup;
			children = (
				030B44342311DFDC000F06DE /* Comsats GPA.app */,
			);
			name = Products;
			sourceTree = "<group>";
		};
		030B44362311DFDC000F06DE /* Comsats GPA */ = {
			isa = PBXGroup;
			children = (
				030B44372311DFDC000F06DE /* AppDelegate.swift */,
				030B44392311DFDC000F06DE /* SceneDelegate.swift */,
				030B443B2311DFDC000F06DE /* ContentView.swift */,
				03E3CEC3233CE0DC00A128E3 /* Campus.swift */,
				0325209223218EA800DB7903 /* Grade.swift */,
				03EBA6EF233C87E3002574D7 /* Aggregate.swift */,
				030B443D2311DFE0000F06DE /* Assets.xcassets */,
				030B44422311DFE0000F06DE /* LaunchScreen.storyboard */,
				030B44452311DFE0000F06DE /* Info.plist */,
				030B443F2311DFE0000F06DE /* Preview Content */,
			);
			path = "Comsats GPA";
			sourceTree = "<group>";
		};
		030B443F2311DFE0000F06DE /* Preview Content */ = {
			isa = PBXGroup;
			children = (
				030B44402311DFE0000F06DE /* Preview Assets.xcassets */,
			);
			path = "Preview Content";
			sourceTree = "<group>";
		};
/* End PBXGroup section */

/* Begin PBXNativeTarget section */
		030B44332311DFDC000F06DE /* Comsats GPA */ = {
			isa = PBXNativeTarget;
			buildConfigurationList = 030B44482311DFE0000F06DE /* Build configuration list for PBXNativeTarget "Comsats GPA" */;
			buildPhases = (
				030B44302311DFDC000F06DE /* Sources */,
				030B44312311DFDC000F06DE /* Frameworks */,
				030B44322311DFDC000F06DE /* Resources */,
			);
			buildRules = (
			);
			dependencies = (
			);
			name = "Comsats GPA";
			productName = "Comsats GPA";
			productReference = 030B44342311DFDC000F06DE /* Comsats GPA.app */;
			productType = "com.apple.product-type.application";
		};
/* End PBXNativeTarget section */

/* Begin PBXProject section */
		030B442C2311DFDC000F06DE /* Project object */ = {
			isa = PBXProject;
			attributes = {
				LastSwiftUpdateCheck = 1100;
				LastUpgradeCheck = 1100;
				ORGANIZATIONNAME = "Moazzam Tahir";
				TargetAttributes = {
					030B44332311DFDC000F06DE = {
						CreatedOnToolsVersion = 11.0;
					};
				};
			};
			buildConfigurationList = 030B442F2311DFDC000F06DE /* Build configuration list for PBXProject "Comsats GPA" */;
			compatibilityVersion = "Xcode 9.3";
			developmentRegion = en;
			hasScannedForEncodings = 0;
			knownRegions = (
				en,
				Base,
			);
			mainGroup = 030B442B2311DFDC000F06DE;
			productRefGroup = 030B44352311DFDC000F06DE /* Products */;
			projectDirPath = "";
			projectRoot = "";
			targets = (
				030B44332311DFDC000F06DE /* Comsats GPA */,
			);
		};
/* End PBXProject section */

/* Begin PBXResourcesBuildPhase section */
		030B44322311DFDC000F06DE /* Resources */ = {
			isa = PBXResourcesBuildPhase;
			buildActionMask = 2147483647;
			files = (
				030B44442311DFE0000F06DE /* LaunchScreen.storyboard in Resources */,
				030B44412311DFE0000F06DE /* Preview Assets.xcassets in Resources */,
				030B443E2311DFE0000F06DE /* Assets.xcassets in Resources */,
			);
			runOnlyForDeploymentPostprocessing = 0;
		};
/* End PBXResourcesBuildPhase section */

/* Begin PBXSourcesBuildPhase section */
		030B44302311DFDC000F06DE /* Sources */ = {
			isa = PBXSourcesBuildPhase;
			buildActionMask = 2147483647;
			files = (
				030B44382311DFDC000F06DE /* AppDelegate.swift in Sources */,
				0325209323218EA800DB7903 /* Grade.swift in Sources */,
				03E3CEC4233CE0DC00A128E3 /* Campus.swift in Sources */,
				030B443A2311DFDC000F06DE /* SceneDelegate.swift in Sources */,
				03EBA6F0233C87E3002574D7 /* Aggregate.swift in Sources */,
				030B443C2311DFDC000F06DE /* ContentView.swift in Sources */,
			);
			runOnlyForDeploymentPostprocessing = 0;
		};
/* End PBXSourcesBuildPhase section */

/* Begin PBXVariantGroup section */
		030B44422311DFE0000F06DE /* LaunchScreen.storyboard */ = {
			isa = PBXVariantGroup;
			children = (
				030B44432311DFE0000F06DE /* Base */,
			);
			name = LaunchScreen.storyboard;
			sourceTree = "<group>";
		};
/* End PBXVariantGroup section */

/* Begin XCBuildConfiguration section */
		030B44462311DFE0000F06DE /* Debug */ = {
			isa = XCBuildConfiguration;
			buildSettings = {
				ALWAYS_SEARCH_USER_PATHS = NO;
				CLANG_ANALYZER_NONNULL = YES;
				CLANG_ANALYZER_NUMBER_OBJECT_CONVERSION = YES_AGGRESSIVE;
				CLANG_CXX_LANGUAGE_STANDARD = "gnu++14";
				CLANG_CXX_LIBRARY = "libc++";
				CLANG_ENABLE_MODULES = YES;
				CLANG_ENABLE_OBJC_ARC = YES;
				CLANG_ENABLE_OBJC_WEAK = YES;
				CLANG_WARN_BLOCK_CAPTURE_AUTORELEASING = YES;
				CLANG_WARN_BOOL_CONVERSION = YES;
				CLANG_WARN_COMMA = YES;
				CLANG_WARN_CONSTANT_CONVERSION = YES;
				CLANG_WARN_DEPRECATED_OBJC_IMPLEMENTATIONS = YES;
				CLANG_WARN_DIRECT_OBJC_ISA_USAGE = YES_ERROR;
				CLANG_WARN_DOCUMENTATION_COMMENTS = YES;
				CLANG_WARN_EMPTY_BODY = YES;
				CLANG_WARN_ENUM_CONVERSION = YES;
				CLANG_WARN_INFINITE_RECURSION = YES;
				CLANG_WARN_INT_CONVERSION = YES;
				CLANG_WARN_NON_LITERAL_NULL_CONVERSION = YES;
				CLANG_WARN_OBJC_IMPLICIT_RETAIN_SELF = YES;
				CLANG_WARN_OBJC_LITERAL_CONVERSION = YES;
				CLANG_WARN_OBJC_ROOT_CLASS = YES_ERROR;
				CLANG_WARN_RANGE_LOOP_ANALYSIS = YES;
				CLANG_WARN_STRICT_PROTOTYPES = YES;
				CLANG_WARN_SUSPICIOUS_MOVE = YES;
				CLANG_WARN_UNGUARDED_AVAILABILITY = YES_AGGRESSIVE;
				CLANG_WARN_UNREACHABLE_CODE = YES;
				CLANG_WARN__DUPLICATE_METHOD_MATCH = YES;
				COPY_PHASE_STRIP = NO;
				DEBUG_INFORMATION_FORMAT = dwarf;
				ENABLE_STRICT_OBJC_MSGSEND = YES;
				ENABLE_TESTABILITY = YES;
				GCC_C_LANGUAGE_STANDARD = gnu11;
				GCC_DYNAMIC_NO_PIC = NO;
				GCC_NO_COMMON_BLOCKS = YES;
				GCC_OPTIMIZATION_LEVEL = 0;
				GCC_PREPROCESSOR_DEFINITIONS = (
					"DEBUG=1",
					"$(inherited)",
				);
				GCC_WARN_64_TO_32_BIT_CONVERSION = YES;
				GCC_WARN_ABOUT_RETURN_TYPE = YES_ERROR;
				GCC_WARN_UNDECLARED_SELECTOR = YES;
				GCC_WARN_UNINITIALIZED_AUTOS = YES_AGGRESSIVE;
				GCC_WARN_UNUSED_FUNCTION = YES;
				GCC_WARN_UNUSED_VARIABLE = YES;
				IPHONEOS_DEPLOYMENT_TARGET = 13.0;
				MTL_ENABLE_DEBUG_INFO = INCLUDE_SOURCE;
				MTL_FAST_MATH = YES;
				ONLY_ACTIVE_ARCH = YES;
				SDKROOT = iphoneos;
				SWIFT_ACTIVE_COMPILATION_CONDITIONS = DEBUG;
				SWIFT_OPTIMIZATION_LEVEL = "-Onone";
			};
			name = Debug;
		};
		030B44472311DFE0000F06DE /* Release */ = {
			isa = XCBuildConfiguration;
			buildSettings = {
				ALWAYS_SEARCH_USER_PATHS = NO;
				CLANG_ANALYZER_NONNULL = YES;
				CLANG_ANALYZER_NUMBER_OBJECT_CONVERSION = YES_AGGRESSIVE;
				CLANG_CXX_LANGUAGE_STANDARD = "gnu++14";
				CLANG_CXX_LIBRARY = "libc++";
				CLANG_ENABLE_MODULES = YES;
				CLANG_ENABLE_OBJC_ARC = YES;
				CLANG_ENABLE_OBJC_WEAK = YES;
				CLANG_WARN_BLOCK_CAPTURE_AUTORELEASING = YES;
				CLANG_WARN_BOOL_CONVERSION = YES;
				CLANG_WARN_COMMA = YES;
				CLANG_WARN_CONSTANT_CONVERSION = YES;
				CLANG_WARN_DEPRECATED_OBJC_IMPLEMENTATIONS = YES;
				CLANG_WARN_DIRECT_OBJC_ISA_USAGE = YES_ERROR;
				CLANG_WARN_DOCUMENTATION_COMMENTS = YES;
				CLANG_WARN_EMPTY_BODY = YES;
				CLANG_WARN_ENUM_CONVERSION = YES;
				CLANG_WARN_INFINITE_RECURSION = YES;
				CLANG_WARN_INT_CONVERSION = YES;
				CLANG_WARN_NON_LITERAL_NULL_CONVERSION = YES;
				CLANG_WARN_OBJC_IMPLICIT_RETAIN_SELF = YES;
				CLANG_WARN_OBJC_LITERAL_CONVERSION = YES;
				CLANG_WARN_OBJC_ROOT_CLASS = YES_ERROR;
				CLANG_WARN_RANGE_LOOP_ANALYSIS = YES;
				CLANG_WARN_STRICT_PROTOTYPES = YES;
				CLANG_WARN_SUSPICIOUS_MOVE = YES;
				CLANG_WARN_UNGUARDED_AVAILABILITY = YES_AGGRESSIVE;
				CLANG_WARN_UNREACHABLE_CODE = YES;
				CLANG_WARN__DUPLICATE_METHOD_MATCH = YES;
				COPY_PHASE_STRIP = NO;
				DEBUG_INFORMATION_FORMAT = "dwarf-with-dsym";
				ENABLE_NS_ASSERTIONS = NO;
				ENABLE_STRICT_OBJC_MSGSEND = YES;
				GCC_C_LANGUAGE_STANDARD = gnu11;
				GCC_NO_COMMON_BLOCKS = YES;
				GCC_WARN_64_TO_32_BIT_CONVERSION = YES;
				GCC_WARN_ABOUT_RETURN_TYPE = YES_ERROR;
				GCC_WARN_UNDECLARED_SELECTOR = YES;
				GCC_WARN_UNINITIALIZED_AUTOS = YES_AGGRESSIVE;
				GCC_WARN_UNUSED_FUNCTION = YES;
				GCC_WARN_UNUSED_VARIABLE = YES;
				IPHONEOS_DEPLOYMENT_TARGET = 13.0;
				MTL_ENABLE_DEBUG_INFO = NO;
				MTL_FAST_MATH = YES;
				SDKROOT = iphoneos;
				SWIFT_COMPILATION_MODE = wholemodule;
				SWIFT_OPTIMIZATION_LEVEL = "-O";
				VALIDATE_PRODUCT = YES;
			};
			name = Release;
		};
		030B44492311DFE0000F06DE /* Debug */ = {
			isa = XCBuildConfiguration;
			buildSettings = {
				ASSETCATALOG_COMPILER_APPICON_NAME = AppIcon;
				CODE_SIGN_STYLE = Automatic;
				DEVELOPMENT_ASSET_PATHS = "\"Comsats GPA/Preview Content\"";
				DEVELOPMENT_TEAM = Z92VD6GGG5;
				ENABLE_PREVIEWS = YES;
				INFOPLIST_FILE = "Comsats GPA/Info.plist";
				LD_RUNPATH_SEARCH_PATHS = (
					"$(inherited)",
					"@executable_path/Frameworks",
				);
				PRODUCT_BUNDLE_IDENTIFIER = "com.developersden.Comsats-GPA";
				PRODUCT_NAME = "$(TARGET_NAME)";
				SWIFT_VERSION = 5.0;
				TARGETED_DEVICE_FAMILY = "1,2";
			};
			name = Debug;
		};
		030B444A2311DFE0000F06DE /* Release */ = {
			isa = XCBuildConfiguration;
			buildSettings = {
				ASSETCATALOG_COMPILER_APPICON_NAME = AppIcon;
				CODE_SIGN_STYLE = Automatic;
				DEVELOPMENT_ASSET_PATHS = "\"Comsats GPA/Preview Content\"";
				DEVELOPMENT_TEAM = Z92VD6GGG5;
				ENABLE_PREVIEWS = YES;
				INFOPLIST_FILE = "Comsats GPA/Info.plist";
				LD_RUNPATH_SEARCH_PATHS = (
					"$(inherited)",
					"@executable_path/Frameworks",
				);
				PRODUCT_BUNDLE_IDENTIFIER = "com.developersden.Comsats-GPA";
				PRODUCT_NAME = "$(TARGET_NAME)";
				SWIFT_VERSION = 5.0;
				TARGETED_DEVICE_FAMILY = "1,2";
			};
			name = Release;
		};
/* End XCBuildConfiguration section */

/* Begin XCConfigurationList section */
		030B442F2311DFDC000F06DE /* Build configuration list for PBXProject "Comsats GPA" */ = {
			isa = XCConfigurationList;
			buildConfigurations = (
				030B44462311DFE0000F06DE /* Debug */,
				030B44472311DFE0000F06DE /* Release */,
			);
			defaultConfigurationIsVisible = 0;
			defaultConfigurationName = Release;
		};
		030B44482311DFE0000F06DE /* Build configuration list for PBXNativeTarget "Comsats GPA" */ = {
			isa = XCConfigurationList;
			buildConfigurations = (
				030B44492311DFE0000F06DE /* Debug */,
				030B444A2311DFE0000F06DE /* Release */,
			);
			defaultConfigurationIsVisible = 0;
			defaultConfigurationName = Release;
		};
/* End XCConfigurationList section */
	};
	rootObject = 030B442C2311DFDC000F06DE /* Project object */;
}
